
Microsoft Visual Studio Solution File, Format Version 12.00
# Visual Studio Version 17
VisualStudioVersion = 17.10.35122.118
MinimumVisualStudioVersion = 10.0.40219.1
Project("{A07B5EB6-E848-4116-A8D0-A826331D98C6}") = "CloudMaster", "CloudMaster.sfproj", "{C645B9D8-C51A-4B27-9B9A-14035E79383A}"
EndProject
Project("{9A19103F-16F7-4668-BE54-9A1E7A4F7556}") = "Client", "..\Client\Client.csproj", "{0AB088E2-0553-4FC0-B0CF-1F173E028A59}"
EndProject
Project("{9A19103F-16F7-4668-BE54-9A1E7A4F7556}") = "Validation", "Validation\Validation.csproj", "{9722EF49-34F6-4CD1-B443-D7AA6D10B34B}"
EndProject
Project("{FAE04EC0-301F-11D3-BF4B-00C04F79EFBC}") = "Common", "..\Common\Common.csproj", "{F7FE4A82-8BBC-4C0C-BF49-22DB5CCDFC8F}"
EndProject
Project("{FAE04EC0-301F-11D3-BF4B-00C04F79EFBC}") = "TransactionCoordinator", "TransactionCoordinator\TransactionCoordinator.csproj", "{CED4D4DA-7F0C-4857-8351-D4CBADDBCFF4}"
EndProject
Project("{FAE04EC0-301F-11D3-BF4B-00C04F79EFBC}") = "BankService", "BankService\BankService.csproj", "{67AF372E-BF0B-4F58-9BB4-79044AAA628A}"
EndProject
Project("{FAE04EC0-301F-11D3-BF4B-00C04F79EFBC}") = "BookstoreService", "BookstoreService\BookstoreService.csproj", "{2D346BBF-BD6D-4298-8306-0A25057A6397}"
EndProject
Global
	GlobalSection(SolutionConfigurationPlatforms) = preSolution
		Debug|Any CPU = Debug|Any CPU
		Debug|x64 = Debug|x64
		Release|Any CPU = Release|Any CPU
		Release|x64 = Release|x64
	EndGlobalSection
	GlobalSection(ProjectConfigurationPlatforms) = postSolution
		{C645B9D8-C51A-4B27-9B9A-14035E79383A}.Debug|Any CPU.ActiveCfg = Debug|x64
		{C645B9D8-C51A-4B27-9B9A-14035E79383A}.Debug|x64.ActiveCfg = Debug|x64
		{C645B9D8-C51A-4B27-9B9A-14035E79383A}.Debug|x64.Build.0 = Debug|x64
		{C645B9D8-C51A-4B27-9B9A-14035E79383A}.Debug|x64.Deploy.0 = Debug|x64
		{C645B9D8-C51A-4B27-9B9A-14035E79383A}.Release|Any CPU.ActiveCfg = Release|x64
		{C645B9D8-C51A-4B27-9B9A-14035E79383A}.Release|x64.ActiveCfg = Release|x64
		{C645B9D8-C51A-4B27-9B9A-14035E79383A}.Release|x64.Build.0 = Release|x64
		{C645B9D8-C51A-4B27-9B9A-14035E79383A}.Release|x64.Deploy.0 = Release|x64
		{0AB088E2-0553-4FC0-B0CF-1F173E028A59}.Debug|Any CPU.ActiveCfg = Debug|Any CPU
		{0AB088E2-0553-4FC0-B0CF-1F173E028A59}.Debug|Any CPU.Build.0 = Debug|Any CPU
		{0AB088E2-0553-4FC0-B0CF-1F173E028A59}.Debug|x64.ActiveCfg = Debug|Any CPU
		{0AB088E2-0553-4FC0-B0CF-1F173E028A59}.Debug|x64.Build.0 = Debug|Any CPU
		{0AB088E2-0553-4FC0-B0CF-1F173E028A59}.Release|Any CPU.ActiveCfg = Release|Any CPU
		{0AB088E2-0553-4FC0-B0CF-1F173E028A59}.Release|Any CPU.Build.0 = Release|Any CPU
		{0AB088E2-0553-4FC0-B0CF-1F173E028A59}.Release|x64.ActiveCfg = Release|Any CPU
		{0AB088E2-0553-4FC0-B0CF-1F173E028A59}.Release|x64.Build.0 = Release|Any CPU
		{9722EF49-34F6-4CD1-B443-D7AA6D10B34B}.Debug|Any CPU.ActiveCfg = Debug|Any CPU
		{9722EF49-34F6-4CD1-B443-D7AA6D10B34B}.Debug|Any CPU.Build.0 = Debug|Any CPU
		{9722EF49-34F6-4CD1-B443-D7AA6D10B34B}.Debug|x64.ActiveCfg = Debug|Any CPU
		{9722EF49-34F6-4CD1-B443-D7AA6D10B34B}.Debug|x64.Build.0 = Debug|Any CPU
		{9722EF49-34F6-4CD1-B443-D7AA6D10B34B}.Release|Any CPU.ActiveCfg = Release|Any CPU
		{9722EF49-34F6-4CD1-B443-D7AA6D10B34B}.Release|Any CPU.Build.0 = Release|Any CPU
		{9722EF49-34F6-4CD1-B443-D7AA6D10B34B}.Release|x64.ActiveCfg = Release|Any CPU
		{9722EF49-34F6-4CD1-B443-D7AA6D10B34B}.Release|x64.Build.0 = Release|Any CPU
		{F7FE4A82-8BBC-4C0C-BF49-22DB5CCDFC8F}.Debug|Any CPU.ActiveCfg = Debug|Any CPU
		{F7FE4A82-8BBC-4C0C-BF49-22DB5CCDFC8F}.Debug|Any CPU.Build.0 = Debug|Any CPU
		{F7FE4A82-8BBC-4C0C-BF49-22DB5CCDFC8F}.Debug|x64.ActiveCfg = Debug|Any CPU
		{F7FE4A82-8BBC-4C0C-BF49-22DB5CCDFC8F}.Debug|x64.Build.0 = Debug|Any CPU
		{F7FE4A82-8BBC-4C0C-BF49-22DB5CCDFC8F}.Release|Any CPU.ActiveCfg = Release|Any CPU
		{F7FE4A82-8BBC-4C0C-BF49-22DB5CCDFC8F}.Release|Any CPU.Build.0 = Release|Any CPU
		{F7FE4A82-8BBC-4C0C-BF49-22DB5CCDFC8F}.Release|x64.ActiveCfg = Release|Any CPU
		{F7FE4A82-8BBC-4C0C-BF49-22DB5CCDFC8F}.Release|x64.Build.0 = Release|Any CPU
		{CED4D4DA-7F0C-4857-8351-D4CBADDBCFF4}.Debug|Any CPU.ActiveCfg = Debug|Any CPU
		{CED4D4DA-7F0C-4857-8351-D4CBADDBCFF4}.Debug|Any CPU.Build.0 = Debug|Any CPU
		{CED4D4DA-7F0C-4857-8351-D4CBADDBCFF4}.Debug|x64.ActiveCfg = Debug|Any CPU
		{CED4D4DA-7F0C-4857-8351-D4CBADDBCFF4}.Debug|x64.Build.0 = Debug|Any CPU
		{CED4D4DA-7F0C-4857-8351-D4CBADDBCFF4}.Release|Any CPU.ActiveCfg = Release|Any CPU
		{CED4D4DA-7F0C-4857-8351-D4CBADDBCFF4}.Release|Any CPU.Build.0 = Release|Any CPU
		{CED4D4DA-7F0C-4857-8351-D4CBADDBCFF4}.Release|x64.ActiveCfg = Release|Any CPU
		{CED4D4DA-7F0C-4857-8351-D4CBADDBCFF4}.Release|x64.Build.0 = Release|Any CPU
		{67AF372E-BF0B-4F58-9BB4-79044AAA628A}.Debug|Any CPU.ActiveCfg = Debug|Any CPU
		{67AF372E-BF0B-4F58-9BB4-79044AAA628A}.Debug|Any CPU.Build.0 = Debug|Any CPU
		{67AF372E-BF0B-4F58-9BB4-79044AAA628A}.Debug|x64.ActiveCfg = Debug|Any CPU
		{67AF372E-BF0B-4F58-9BB4-79044AAA628A}.Debug|x64.Build.0 = Debug|Any CPU
		{67AF372E-BF0B-4F58-9BB4-79044AAA628A}.Release|Any CPU.ActiveCfg = Release|Any CPU
		{67AF372E-BF0B-4F58-9BB4-79044AAA628A}.Release|Any CPU.Build.0 = Release|Any CPU
		{67AF372E-BF0B-4F58-9BB4-79044AAA628A}.Release|x64.ActiveCfg = Release|Any CPU
		{67AF372E-BF0B-4F58-9BB4-79044AAA628A}.Release|x64.Build.0 = Release|Any CPU
		{2D346BBF-BD6D-4298-8306-0A25057A6397}.Debug|Any CPU.ActiveCfg = Debug|Any CPU
		{2D346BBF-BD6D-4298-8306-0A25057A6397}.Debug|Any CPU.Build.0 = Debug|Any CPU
		{2D346BBF-BD6D-4298-8306-0A25057A6397}.Debug|x64.ActiveCfg = Debug|Any CPU
		{2D346BBF-BD6D-4298-8306-0A25057A6397}.Debug|x64.Build.0 = Debug|Any CPU
		{2D346BBF-BD6D-4298-8306-0A25057A6397}.Release|Any CPU.ActiveCfg = Release|Any CPU
		{2D346BBF-BD6D-4298-8306-0A25057A6397}.Release|Any CPU.Build.0 = Release|Any CPU
		{2D346BBF-BD6D-4298-8306-0A25057A6397}.Release|x64.ActiveCfg = Release|Any CPU
		{2D346BBF-BD6D-4298-8306-0A25057A6397}.Release|x64.Build.0 = Release|Any CPU
	EndGlobalSection
	GlobalSection(SolutionProperties) = preSolution
		HideSolutionNode = FALSE
	EndGlobalSection
	GlobalSection(ExtensibilityGlobals) = postSolution
		SolutionGuid = {79BDD397-9BAF-45F8-A317-135453BEDE29}
	EndGlobalSection
EndGlobal
